{
  "name": "async-workshop-github",
  "version": "1.0.0",
  "lockfileVersion": 2,
  "requires": true,
  "packages": {
    "": {
      "name": "async-workshop-github",
      "version": "1.0.0",
      "license": "ISC",
      "dependencies": {
        "@prisma/client": "^3.6.0",
        "axios": "^0.24.0"
      },
      "devDependencies": {
        "prisma": "^3.6.0"
      }
    },
    "node_modules/@prisma/client": {
      "version": "3.6.0",
      "resolved": "https://registry.npmjs.org/@prisma/client/-/client-3.6.0.tgz",
      "integrity": "sha512-ycSGY9EZGROtje0iCNsgC5Zqi/ttX2sO7BNMYaLsUMiTlf3F69ZPH+08pRo0hrDfkZzyimXYqeXJlaoYDH1w7A==",
      "hasInstallScript": true,
      "dependencies": {
        "@prisma/engines-version": "3.6.0-24.dc520b92b1ebb2d28dc3161f9f82e875bd35d727"
      },
      "engines": {
        "node": ">=12.6"
      },
      "peerDependencies": {
        "prisma": "*"
      },
      "peerDependenciesMeta": {
        "prisma": {
          "optional": true
        }
      }
    },
    "node_modules/@prisma/engines": {
      "version": "3.6.0-24.dc520b92b1ebb2d28dc3161f9f82e875bd35d727",
      "resolved": "https://registry.npmjs.org/@prisma/engines/-/engines-3.6.0-24.dc520b92b1ebb2d28dc3161f9f82e875bd35d727.tgz",
      "integrity": "sha512-dRClHS7DsTVchDKzeG72OaEyeDskCv91pnZ72Fftn0mp4BkUvX2LvWup65hCNzwwQm5IDd6A88APldKDnMiEMA==",
      "devOptional": true,
      "hasInstallScript": true
    },
    "node_modules/@prisma/engines-version": {
      "version": "3.6.0-24.dc520b92b1ebb2d28dc3161f9f82e875bd35d727",
      "resolved": "https://registry.npmjs.org/@prisma/engines-version/-/engines-version-3.6.0-24.dc520b92b1ebb2d28dc3161f9f82e875bd35d727.tgz",
      "integrity": "sha512-vtoO2ys6mSfc8ONTWdcYztKN3GBU1tcKBj0aXObyjzSuGwHFcM/pEA0xF+n1W4/0TAJgfoPX2khNEit6g0jtNA=="
    },
    "node_modules/axios": {
      "version": "0.24.0",
      "resolved": "https://registry.npmjs.org/axios/-/axios-0.24.0.tgz",
      "integrity": "sha512-Q6cWsys88HoPgAaFAVUb0WpPk0O8iTeisR9IMqy9G8AbO4NlpVknrnQS03zzF9PGAWgO3cgletO3VjV/P7VztA==",
      "dependencies": {
        "follow-redirects": "^1.14.4"
      }
    },
    "node_modules/follow-redirects": {
      "version": "1.14.6",
      "resolved": "https://registry.npmjs.org/follow-redirects/-/follow-redirects-1.14.6.tgz",
      "integrity": "sha512-fhUl5EwSJbbl8AR+uYL2KQDxLkdSjZGR36xy46AO7cOMTrCMON6Sa28FmAnC2tRTDbd/Uuzz3aJBv7EBN7JH8A==",
      "funding": [
        {
          "type": "individual",
          "url": "https://github.com/sponsors/RubenVerborgh"
        }
      ],
      "engines": {
        "node": ">=4.0"
      },
      "peerDependenciesMeta": {
        "debug": {
          "optional": true
        }
      }
    },
    "node_modules/prisma": {
      "version": "3.6.0",
      "resolved": "https://registry.npmjs.org/prisma/-/prisma-3.6.0.tgz",
      "integrity": "sha512-6SqgHS/5Rq6HtHjsWsTxlj+ySamGyCLBUQfotc2lStOjPv52IQuDVpp58GieNqc9VnfuFyHUvTZw7aQB+G2fvQ==",
      "devOptional": true,
      "hasInstallScript": true,
      "dependencies": {
        "@prisma/engines": "3.6.0-24.dc520b92b1ebb2d28dc3161f9f82e875bd35d727"
      },
      "bin": {
        "prisma": "build/index.js",
        "prisma2": "build/index.js"
      },
      "engines": {
        "node": ">=12.6"
      }
    }
  },
  "dependencies": {
    "@prisma/client": {
      "version": "3.6.0",
      "resolved": "https://registry.npmjs.org/@prisma/client/-/client-3.6.0.tgz",
      "integrity": "sha512-ycSGY9EZGROtje0iCNsgC5Zqi/ttX2sO7BNMYaLsUMiTlf3F69ZPH+08pRo0hrDfkZzyimXYqeXJlaoYDH1w7A==",
      "requires": {
        "@prisma/engines-version": "3.6.0-24.dc520b92b1ebb2d28dc3161f9f82e875bd35d727"
      }
    },
    "@prisma/engines": {
      "version": "3.6.0-24.dc520b92b1ebb2d28dc3161f9f82e875bd35d727",
      "resolved": "https://registry.npmjs.org/@prisma/engines/-/engines-3.6.0-24.dc520b92b1ebb2d28dc3161f9f82e875bd35d727.tgz",
      "integrity": "sha512-dRClHS7DsTVchDKzeG72OaEyeDskCv91pnZ72Fftn0mp4BkUvX2LvWup65hCNzwwQm5IDd6A88APldKDnMiEMA==",
      "devOptional": true
    },
    "@prisma/engines-version": {
      "version": "3.6.0-24.dc520b92b1ebb2d28dc3161f9f82e875bd35d727",
      "resolved": "https://registry.npmjs.org/@prisma/engines-version/-/engines-version-3.6.0-24.dc520b92b1ebb2d28dc3161f9f82e875bd35d727.tgz",
      "integrity": "sha512-vtoO2ys6mSfc8ONTWdcYztKN3GBU1tcKBj0aXObyjzSuGwHFcM/pEA0xF+n1W4/0TAJgfoPX2khNEit6g0jtNA=="
    },
    "axios": {
      "version": "0.24.0",
      "resolved": "https://registry.npmjs.org/axios/-/axios-0.24.0.tgz",
      "integrity": "sha512-Q6cWsys88HoPgAaFAVUb0WpPk0O8iTeisR9IMqy9G8AbO4NlpVknrnQS03zzF9PGAWgO3cgletO3VjV/P7VztA==",
      "requires": {
        "follow-redirects": "^1.14.4"
      }
    },
    "follow-redirects": {
      "version": "1.14.6",
      "resolved": "https://registry.npmjs.org/follow-redirects/-/follow-redirects-1.14.6.tgz",
      "integrity": "sha512-fhUl5EwSJbbl8AR+uYL2KQDxLkdSjZGR36xy46AO7cOMTrCMON6Sa28FmAnC2tRTDbd/Uuzz3aJBv7EBN7JH8A=="
    },
    "prisma": {
      "version": "3.6.0",
      "resolved": "https://registry.npmjs.org/prisma/-/prisma-3.6.0.tgz",
      "integrity": "sha512-6SqgHS/5Rq6HtHjsWsTxlj+ySamGyCLBUQfotc2lStOjPv52IQuDVpp58GieNqc9VnfuFyHUvTZw7aQB+G2fvQ==",
      "devOptional": true,
      "requires": {
        "@prisma/engines": "3.6.0-24.dc520b92b1ebb2d28dc3161f9f82e875bd35d727"
      }
    }
  }
}
